{
  "name": "dasar-pemrograman-javascript",
  "version": "1.0.0",
  "lockfileVersion": 3,
  "requires": true,
  "packages": {
    "": {
      "name": "dasar-pemrograman-javascript",
      "version": "1.0.0",
      "license": "ISC",
      "dependencies": {
        "es6": "^0.0.7",
        "typescript": "^5.8.2"
      },
      "devDependencies": {}
    },
    "node_modules/es6": {
      "version": "0.0.7",
      "resolved": "https://registry.npmjs.org/es6/-/es6-0.0.7.tgz",
      "integrity": "sha512-B/IoUXCxacDpNLSjEpXg4TsYURqZRVCTPeq/aFmN9/r/tW/0A9CI9E9NRSV/eWXCf6oCzvqFk9btmaL38TfwxQ==",
      "engines": {
        "node": ">=0.4.9"
      }
    },
    "node_modules/typescript": {
      "version": "5.8.2",
      "resolved": "https://registry.npmjs.org/typescript/-/typescript-5.8.2.tgz",
      "integrity": "sha512-aJn6wq13/afZp/jT9QZmwEjDqqvSGp1VT5GVg+f/t6/oVyrgXM6BY1h9BRh/O5p3PlUPAe+WuiEZOmb/49RqoQ==",
      "bin": {
        "tsc": "bin/tsc",
        "tsserver": "bin/tsserver"
      },
      "engines": {
        "node": ">=14.17"
      }
    }
  }
}
